// !$*UTF8*$!
{
	archiveVersion = 1;
	classes = {
	};
	objectVersion = 46;
	objects = {

/* Begin PBXBuildFile section */
		D30355D21E3CE9660066FF04 /* RMQClient.framework.dSYM in CopyFiles */ = {isa = PBXBuildFile; fileRef = D30355D11E3CE9660066FF04 /* RMQClient.framework.dSYM */; settings = {ATTRIBUTES = (CodeSignOnCopy, ); }; };
		D30355D41E3CF0890066FF04 /* Notifier.swift in Sources */ = {isa = PBXBuildFile; fileRef = D30355D31E3CF0890066FF04 /* Notifier.swift */; };
		D341C14F1E349DE000FF466B /* CocoaAsyncSocket.framework in Frameworks */ = {isa = PBXBuildFile; fileRef = D341C14E1E349DE000FF466B /* CocoaAsyncSocket.framework */; };
		D341C1501E349DE000FF466B /* CocoaAsyncSocket.framework in Embed Frameworks */ = {isa = PBXBuildFile; fileRef = D341C14E1E349DE000FF466B /* CocoaAsyncSocket.framework */; settings = {ATTRIBUTES = (CodeSignOnCopy, RemoveHeadersOnCopy, ); }; };
		D341C1531E349DFA00FF466B /* JKVValue.framework in Frameworks */ = {isa = PBXBuildFile; fileRef = D341C1521E349DFA00FF466B /* JKVValue.framework */; };
		D341C1541E349DFA00FF466B /* JKVValue.framework in Embed Frameworks */ = {isa = PBXBuildFile; fileRef = D341C1521E349DFA00FF466B /* JKVValue.framework */; settings = {ATTRIBUTES = (CodeSignOnCopy, RemoveHeadersOnCopy, ); }; };
		D341C1571E349EE900FF466B /* CocoaAsyncSocket.framework.dSYM in CopyFiles */ = {isa = PBXBuildFile; fileRef = D341C1561E349EE900FF466B /* CocoaAsyncSocket.framework.dSYM */; settings = {ATTRIBUTES = (CodeSignOnCopy, ); }; };
		D341C1591E349F0000FF466B /* JKVValue.framework.dSYM in CopyFiles */ = {isa = PBXBuildFile; fileRef = D341C1581E349F0000FF466B /* JKVValue.framework.dSYM */; settings = {ATTRIBUTES = (CodeSignOnCopy, ); }; };
		D3725E731E3CE214001C545B /* Amp.swift in Sources */ = {isa = PBXBuildFile; fileRef = D3725E721E3CE214001C545B /* Amp.swift */; };
		D3725E751E3CE567001C545B /* RMQClient.framework in Frameworks */ = {isa = PBXBuildFile; fileRef = D3725E741E3CE567001C545B /* RMQClient.framework */; };
		D3725E761E3CE567001C545B /* RMQClient.framework in Embed Frameworks */ = {isa = PBXBuildFile; fileRef = D3725E741E3CE567001C545B /* RMQClient.framework */; settings = {ATTRIBUTES = (CodeSignOnCopy, RemoveHeadersOnCopy, ); }; };
		D3C2F85E1E349A6F00D6EA94 /* AppDelegate.swift in Sources */ = {isa = PBXBuildFile; fileRef = D3C2F85D1E349A6F00D6EA94 /* AppDelegate.swift */; };
		D3C2F8601E349A6F00D6EA94 /* ViewController.swift in Sources */ = {isa = PBXBuildFile; fileRef = D3C2F85F1E349A6F00D6EA94 /* ViewController.swift */; };
		D3C2F8621E349A6F00D6EA94 /* Assets.xcassets in Resources */ = {isa = PBXBuildFile; fileRef = D3C2F8611E349A6F00D6EA94 /* Assets.xcassets */; };
		D3C2F8651E349A6F00D6EA94 /* Main.storyboard in Resources */ = {isa = PBXBuildFile; fileRef = D3C2F8631E349A6F00D6EA94 /* Main.storyboard */; };
		D3C2F8701E349A6F00D6EA94 /* RabbitExpTests.swift in Sources */ = {isa = PBXBuildFile; fileRef = D3C2F86F1E349A6F00D6EA94 /* RabbitExpTests.swift */; };
		D3C2F87B1E349A6F00D6EA94 /* RabbitExpUITests.swift in Sources */ = {isa = PBXBuildFile; fileRef = D3C2F87A1E349A6F00D6EA94 /* RabbitExpUITests.swift */; };
/* End PBXBuildFile section */

/* Begin PBXContainerItemProxy section */
		D3C2F86C1E349A6F00D6EA94 /* PBXContainerItemProxy */ = {
			isa = PBXContainerItemProxy;
			containerPortal = D3C2F8521E349A6F00D6EA94 /* Project object */;
			proxyType = 1;
			remoteGlobalIDString = D3C2F8591E349A6F00D6EA94;
			remoteInfo = RabbitExp;
		};
		D3C2F8771E349A6F00D6EA94 /* PBXContainerItemProxy */ = {
			isa = PBXContainerItemProxy;
			containerPortal = D3C2F8521E349A6F00D6EA94 /* Project object */;
			proxyType = 1;
			remoteGlobalIDString = D3C2F8591E349A6F00D6EA94;
			remoteInfo = RabbitExp;
		};
/* End PBXContainerItemProxy section */

/* Begin PBXCopyFilesBuildPhase section */
		D341C1511E349DE000FF466B /* Embed Frameworks */ = {
			isa = PBXCopyFilesBuildPhase;
			buildActionMask = 2147483647;
			dstPath = "";
			dstSubfolderSpec = 10;
			files = (
				D341C1541E349DFA00FF466B /* JKVValue.framework in Embed Frameworks */,
				D3725E761E3CE567001C545B /* RMQClient.framework in Embed Frameworks */,
				D341C1501E349DE000FF466B /* CocoaAsyncSocket.framework in Embed Frameworks */,
			);
			name = "Embed Frameworks";
			runOnlyForDeploymentPostprocessing = 0;
		};
		D341C1551E349E9600FF466B /* CopyFiles */ = {
			isa = PBXCopyFilesBuildPhase;
			buildActionMask = 2147483647;
			dstPath = "";
			dstSubfolderSpec = 16;
			files = (
				D30355D21E3CE9660066FF04 /* RMQClient.framework.dSYM in CopyFiles */,
				D341C1591E349F0000FF466B /* JKVValue.framework.dSYM in CopyFiles */,
				D341C1571E349EE900FF466B /* CocoaAsyncSocket.framework.dSYM in CopyFiles */,
			);
			runOnlyForDeploymentPostprocessing = 0;
		};
/* End PBXCopyFilesBuildPhase section */

/* Begin PBXFileReference section */
		D30355D11E3CE9660066FF04 /* RMQClient.framework.dSYM */ = {isa = PBXFileReference; lastKnownFileType = wrapper.dsym; name = RMQClient.framework.dSYM; path = Carthage/Build/Mac/RMQClient.framework.dSYM; sourceTree = "<group>"; };
		D30355D31E3CF0890066FF04 /* Notifier.swift */ = {isa = PBXFileReference; fileEncoding = 4; lastKnownFileType = sourcecode.swift; path = Notifier.swift; sourceTree = "<group>"; };
		D341C14E1E349DE000FF466B /* CocoaAsyncSocket.framework */ = {isa = PBXFileReference; lastKnownFileType = wrapper.framework; name = CocoaAsyncSocket.framework; path = Carthage/Build/Mac/CocoaAsyncSocket.framework; sourceTree = "<group>"; };
		D341C1521E349DFA00FF466B /* JKVValue.framework */ = {isa = PBXFileReference; lastKnownFileType = wrapper.framework; name = JKVValue.framework; path = Carthage/Build/Mac/JKVValue.framework; sourceTree = "<group>"; };
		D341C1561E349EE900FF466B /* CocoaAsyncSocket.framework.dSYM */ = {isa = PBXFileReference; lastKnownFileType = wrapper.dsym; name = CocoaAsyncSocket.framework.dSYM; path = Carthage/Build/Mac/CocoaAsyncSocket.framework.dSYM; sourceTree = "<group>"; };
		D341C1581E349F0000FF466B /* JKVValue.framework.dSYM */ = {isa = PBXFileReference; lastKnownFileType = wrapper.dsym; name = JKVValue.framework.dSYM; path = Carthage/Build/Mac/JKVValue.framework.dSYM; sourceTree = "<group>"; };
		D3725E721E3CE214001C545B /* Amp.swift */ = {isa = PBXFileReference; fileEncoding = 4; lastKnownFileType = sourcecode.swift; path = Amp.swift; sourceTree = "<group>"; };
		D3725E741E3CE567001C545B /* RMQClient.framework */ = {isa = PBXFileReference; lastKnownFileType = wrapper.framework; name = RMQClient.framework; path = Carthage/Build/Mac/RMQClient.framework; sourceTree = "<group>"; };
		D3C2F85A1E349A6F00D6EA94 /* RabbitExp.app */ = {isa = PBXFileReference; explicitFileType = wrapper.application; includeInIndex = 0; path = RabbitExp.app; sourceTree = BUILT_PRODUCTS_DIR; };
		D3C2F85D1E349A6F00D6EA94 /* AppDelegate.swift */ = {isa = PBXFileReference; lastKnownFileType = sourcecode.swift; path = AppDelegate.swift; sourceTree = "<group>"; };
		D3C2F85F1E349A6F00D6EA94 /* ViewController.swift */ = {isa = PBXFileReference; lastKnownFileType = sourcecode.swift; path = ViewController.swift; sourceTree = "<group>"; };
		D3C2F8611E349A6F00D6EA94 /* Assets.xcassets */ = {isa = PBXFileReference; lastKnownFileType = folder.assetcatalog; path = Assets.xcassets; sourceTree = "<group>"; };
		D3C2F8641E349A6F00D6EA94 /* Base */ = {isa = PBXFileReference; lastKnownFileType = file.storyboard; name = Base; path = Base.lproj/Main.storyboard; sourceTree = "<group>"; };
		D3C2F8661E349A6F00D6EA94 /* Info.plist */ = {isa = PBXFileReference; lastKnownFileType = text.plist.xml; path = Info.plist; sourceTree = "<group>"; };
		D3C2F86B1E349A6F00D6EA94 /* RabbitExpTests.xctest */ = {isa = PBXFileReference; explicitFileType = wrapper.cfbundle; includeInIndex = 0; path = RabbitExpTests.xctest; sourceTree = BUILT_PRODUCTS_DIR; };
		D3C2F86F1E349A6F00D6EA94 /* RabbitExpTests.swift */ = {isa = PBXFileReference; lastKnownFileType = sourcecode.swift; path = RabbitExpTests.swift; sourceTree = "<group>"; };
		D3C2F8711E349A6F00D6EA94 /* Info.plist */ = {isa = PBXFileReference; lastKnownFileType = text.plist.xml; path = Info.plist; sourceTree = "<group>"; };
		D3C2F8761E349A6F00D6EA94 /* RabbitExpUITests.xctest */ = {isa = PBXFileReference; explicitFileType = wrapper.cfbundle; includeInIndex = 0; path = RabbitExpUITests.xctest; sourceTree = BUILT_PRODUCTS_DIR; };
		D3C2F87A1E349A6F00D6EA94 /* RabbitExpUITests.swift */ = {isa = PBXFileReference; lastKnownFileType = sourcecode.swift; path = RabbitExpUITests.swift; sourceTree = "<group>"; };
		D3C2F87C1E349A6F00D6EA94 /* Info.plist */ = {isa = PBXFileReference; lastKnownFileType = text.plist.xml; path = Info.plist; sourceTree = "<group>"; };
/* End PBXFileReference section */

/* Begin PBXFrameworksBuildPhase section */
		D3C2F8571E349A6F00D6EA94 /* Frameworks */ = {
			isa = PBXFrameworksBuildPhase;
			buildActionMask = 2147483647;
			files = (
				D341C1531E349DFA00FF466B /* JKVValue.framework in Frameworks */,
				D3725E751E3CE567001C545B /* RMQClient.framework in Frameworks */,
				D341C14F1E349DE000FF466B /* CocoaAsyncSocket.framework in Frameworks */,
			);
			runOnlyForDeploymentPostprocessing = 0;
		};
		D3C2F8681E349A6F00D6EA94 /* Frameworks */ = {
			isa = PBXFrameworksBuildPhase;
			buildActionMask = 2147483647;
			files = (
			);
			runOnlyForDeploymentPostprocessing = 0;
		};
		D3C2F8731E349A6F00D6EA94 /* Frameworks */ = {
			isa = PBXFrameworksBuildPhase;
			buildActionMask = 2147483647;
			files = (
			);
			runOnlyForDeploymentPostprocessing = 0;
		};
/* End PBXFrameworksBuildPhase section */

/* Begin PBXGroup section */
		D3C2F8511E349A6F00D6EA94 = {
			isa = PBXGroup;
			children = (
				D30355D11E3CE9660066FF04 /* RMQClient.framework.dSYM */,
				D3725E741E3CE567001C545B /* RMQClient.framework */,
				D341C1581E349F0000FF466B /* JKVValue.framework.dSYM */,
				D341C1561E349EE900FF466B /* CocoaAsyncSocket.framework.dSYM */,
				D341C1521E349DFA00FF466B /* JKVValue.framework */,
				D341C14E1E349DE000FF466B /* CocoaAsyncSocket.framework */,
				D3C2F85C1E349A6F00D6EA94 /* RabbitExp */,
				D3C2F86E1E349A6F00D6EA94 /* RabbitExpTests */,
				D3C2F8791E349A6F00D6EA94 /* RabbitExpUITests */,
				D3C2F85B1E349A6F00D6EA94 /* Products */,
			);
			sourceTree = "<group>";
		};
		D3C2F85B1E349A6F00D6EA94 /* Products */ = {
			isa = PBXGroup;
			children = (
				D3C2F85A1E349A6F00D6EA94 /* RabbitExp.app */,
				D3C2F86B1E349A6F00D6EA94 /* RabbitExpTests.xctest */,
				D3C2F8761E349A6F00D6EA94 /* RabbitExpUITests.xctest */,
			);
			name = Products;
			sourceTree = "<group>";
		};
		D3C2F85C1E349A6F00D6EA94 /* RabbitExp */ = {
			isa = PBXGroup;
			children = (
				D3C2F85D1E349A6F00D6EA94 /* AppDelegate.swift */,
				D3C2F85F1E349A6F00D6EA94 /* ViewController.swift */,
				D3C2F8611E349A6F00D6EA94 /* Assets.xcassets */,
				D3C2F8631E349A6F00D6EA94 /* Main.storyboard */,
				D3C2F8661E349A6F00D6EA94 /* Info.plist */,
				D3725E721E3CE214001C545B /* Amp.swift */,
				D30355D31E3CF0890066FF04 /* Notifier.swift */,
			);
			path = RabbitExp;
			sourceTree = "<group>";
		};
		D3C2F86E1E349A6F00D6EA94 /* RabbitExpTests */ = {
			isa = PBXGroup;
			children = (
				D3C2F86F1E349A6F00D6EA94 /* RabbitExpTests.swift */,
				D3C2F8711E349A6F00D6EA94 /* Info.plist */,
			);
			path = RabbitExpTests;
			sourceTree = "<group>";
		};
		D3C2F8791E349A6F00D6EA94 /* RabbitExpUITests */ = {
			isa = PBXGroup;
			children = (
				D3C2F87A1E349A6F00D6EA94 /* RabbitExpUITests.swift */,
				D3C2F87C1E349A6F00D6EA94 /* Info.plist */,
			);
			path = RabbitExpUITests;
			sourceTree = "<group>";
		};
/* End PBXGroup section */

/* Begin PBXNativeTarget section */
		D3C2F8591E349A6F00D6EA94 /* RabbitExp */ = {
			isa = PBXNativeTarget;
			buildConfigurationList = D3C2F87F1E349A6F00D6EA94 /* Build configuration list for PBXNativeTarget "RabbitExp" */;
			buildPhases = (
				D3C2F8561E349A6F00D6EA94 /* Sources */,
				D3C2F8571E349A6F00D6EA94 /* Frameworks */,
				D3C2F8581E349A6F00D6EA94 /* Resources */,
				D341C1511E349DE000FF466B /* Embed Frameworks */,
				D341C1551E349E9600FF466B /* CopyFiles */,
			);
			buildRules = (
			);
			dependencies = (
			);
			name = RabbitExp;
			productName = RabbitExp;
			productReference = D3C2F85A1E349A6F00D6EA94 /* RabbitExp.app */;
			productType = "com.apple.product-type.application";
		};
		D3C2F86A1E349A6F00D6EA94 /* RabbitExpTests */ = {
			isa = PBXNativeTarget;
			buildConfigurationList = D3C2F8821E349A6F00D6EA94 /* Build configuration list for PBXNativeTarget "RabbitExpTests" */;
			buildPhases = (
				D3C2F8671E349A6F00D6EA94 /* Sources */,
				D3C2F8681E349A6F00D6EA94 /* Frameworks */,
				D3C2F8691E349A6F00D6EA94 /* Resources */,
			);
			buildRules = (
			);
			dependencies = (
				D3C2F86D1E349A6F00D6EA94 /* PBXTargetDependency */,
			);
			name = RabbitExpTests;
			productName = RabbitExpTests;
			productReference = D3C2F86B1E349A6F00D6EA94 /* RabbitExpTests.xctest */;
			productType = "com.apple.product-type.bundle.unit-test";
		};
		D3C2F8751E349A6F00D6EA94 /* RabbitExpUITests */ = {
			isa = PBXNativeTarget;
			buildConfigurationList = D3C2F8851E349A6F00D6EA94 /* Build configuration list for PBXNativeTarget "RabbitExpUITests" */;
			buildPhases = (
				D3C2F8721E349A6F00D6EA94 /* Sources */,
				D3C2F8731E349A6F00D6EA94 /* Frameworks */,
				D3C2F8741E349A6F00D6EA94 /* Resources */,
			);
			buildRules = (
			);
			dependencies = (
				D3C2F8781E349A6F00D6EA94 /* PBXTargetDependency */,
			);
			name = RabbitExpUITests;
			productName = RabbitExpUITests;
			productReference = D3C2F8761E349A6F00D6EA94 /* RabbitExpUITests.xctest */;
			productType = "com.apple.product-type.bundle.ui-testing";
		};
/* End PBXNativeTarget section */

/* Begin PBXProject section */
		D3C2F8521E349A6F00D6EA94 /* Project object */ = {
			isa = PBXProject;
			attributes = {
				LastSwiftUpdateCheck = 0800;
				LastUpgradeCheck = 0800;
				ORGANIZATIONNAME = cesare;
				TargetAttributes = {
					D3C2F8591E349A6F00D6EA94 = {
						CreatedOnToolsVersion = 8.0;
						DevelopmentTeam = R9W28ZT4VD;
						ProvisioningStyle = Automatic;
					};
					D3C2F86A1E349A6F00D6EA94 = {
						CreatedOnToolsVersion = 8.0;
						ProvisioningStyle = Automatic;
						TestTargetID = D3C2F8591E349A6F00D6EA94;
					};
					D3C2F8751E349A6F00D6EA94 = {
						CreatedOnToolsVersion = 8.0;
						ProvisioningStyle = Automatic;
						TestTargetID = D3C2F8591E349A6F00D6EA94;
					};
				};
			};
			buildConfigurationList = D3C2F8551E349A6F00D6EA94 /* Build configuration list for PBXProject "RabbitExp" */;
			compatibilityVersion = "Xcode 3.2";
			developmentRegion = English;
			hasScannedForEncodings = 0;
			knownRegions = (
				en,
				Base,
			);
			mainGroup = D3C2F8511E349A6F00D6EA94;
			productRefGroup = D3C2F85B1E349A6F00D6EA94 /* Products */;
			projectDirPath = "";
			projectRoot = "";
			targets = (
				D3C2F8591E349A6F00D6EA94 /* RabbitExp */,
				D3C2F86A1E349A6F00D6EA94 /* RabbitExpTests */,
				D3C2F8751E349A6F00D6EA94 /* RabbitExpUITests */,
			);
		};
/* End PBXProject section */

/* Begin PBXResourcesBuildPhase section */
		D3C2F8581E349A6F00D6EA94 /* Resources */ = {
			isa = PBXResourcesBuildPhase;
			buildActionMask = 2147483647;
			files = (
				D3C2F8621E349A6F00D6EA94 /* Assets.xcassets in Resources */,
				D3C2F8651E349A6F00D6EA94 /* Main.storyboard in Resources */,
			);
			runOnlyForDeploymentPostprocessing = 0;
		};
		D3C2F8691E349A6F00D6EA94 /* Resources */ = {
			isa = PBXResourcesBuildPhase;
			buildActionMask = 2147483647;
			files = (
			);
			runOnlyForDeploymentPostprocessing = 0;
		};
		D3C2F8741E349A6F00D6EA94 /* Resources */ = {
			isa = PBXResourcesBuildPhase;
			buildActionMask = 2147483647;
			files = (
			);
			runOnlyForDeploymentPostprocessing = 0;
		};
/* End PBXResourcesBuildPhase section */

/* Begin PBXSourcesBuildPhase section */
		D3C2F8561E349A6F00D6EA94 /* Sources */ = {
			isa = PBXSourcesBuildPhase;
			buildActionMask = 2147483647;
			files = (
				D3725E731E3CE214001C545B /* Amp.swift in Sources */,
				D30355D41E3CF0890066FF04 /* Notifier.swift in Sources */,
				D3C2F8601E349A6F00D6EA94 /* ViewController.swift in Sources */,
				D3C2F85E1E349A6F00D6EA94 /* AppDelegate.swift in Sources */,
			);
			runOnlyForDeploymentPostprocessing = 0;
		};
		D3C2F8671E349A6F00D6EA94 /* Sources */ = {
			isa = PBXSourcesBuildPhase;
			buildActionMask = 2147483647;
			files = (
				D3C2F8701E349A6F00D6EA94 /* RabbitExpTests.swift in Sources */,
			);
			runOnlyForDeploymentPostprocessing = 0;
		};
		D3C2F8721E349A6F00D6EA94 /* Sources */ = {
			isa = PBXSourcesBuildPhase;
			buildActionMask = 2147483647;
			files = (
				D3C2F87B1E349A6F00D6EA94 /* RabbitExpUITests.swift in Sources */,
			);
			runOnlyForDeploymentPostprocessing = 0;
		};
/* End PBXSourcesBuildPhase section */

/* Begin PBXTargetDependency section */
		D3C2F86D1E349A6F00D6EA94 /* PBXTargetDependency */ = {
			isa = PBXTargetDependency;
			target = D3C2F8591E349A6F00D6EA94 /* RabbitExp */;
			targetProxy = D3C2F86C1E349A6F00D6EA94 /* PBXContainerItemProxy */;
		};
		D3C2F8781E349A6F00D6EA94 /* PBXTargetDependency */ = {
			isa = PBXTargetDependency;
			target = D3C2F8591E349A6F00D6EA94 /* RabbitExp */;
			targetProxy = D3C2F8771E349A6F00D6EA94 /* PBXContainerItemProxy */;
		};
/* End PBXTargetDependency section */

/* Begin PBXVariantGroup section */
		D3C2F8631E349A6F00D6EA94 /* Main.storyboard */ = {
			isa = PBXVariantGroup;
			children = (
				D3C2F8641E349A6F00D6EA94 /* Base */,
			);
			name = Main.storyboard;
			sourceTree = "<group>";
		};
/* End PBXVariantGroup section */

/* Begin XCBuildConfiguration section */
		D3C2F87D1E349A6F00D6EA94 /* Debug */ = {
			isa = XCBuildConfiguration;
			buildSettings = {
				ALWAYS_SEARCH_USER_PATHS = NO;
				CLANG_ANALYZER_NONNULL = YES;
				CLANG_CXX_LANGUAGE_STANDARD = "gnu++0x";
				CLANG_CXX_LIBRARY = "libc++";
				CLANG_ENABLE_MODULES = YES;
				CLANG_ENABLE_OBJC_ARC = YES;
				CLANG_WARN_BOOL_CONVERSION = YES;
				CLANG_WARN_CONSTANT_CONVERSION = YES;
				CLANG_WARN_DIRECT_OBJC_ISA_USAGE = YES_ERROR;
				CLANG_WARN_DOCUMENTATION_COMMENTS = YES;
				CLANG_WARN_EMPTY_BODY = YES;
				CLANG_WARN_ENUM_CONVERSION = YES;
				CLANG_WARN_INFINITE_RECURSION = YES;
				CLANG_WARN_INT_CONVERSION = YES;
				CLANG_WARN_OBJC_ROOT_CLASS = YES_ERROR;
				CLANG_WARN_SUSPICIOUS_MOVES = YES;
				CLANG_WARN_UNREACHABLE_CODE = YES;
				CLANG_WARN__DUPLICATE_METHOD_MATCH = YES;
				CODE_SIGN_IDENTITY = "-";
				COPY_PHASE_STRIP = NO;
				DEBUG_INFORMATION_FORMAT = dwarf;
				ENABLE_STRICT_OBJC_MSGSEND = YES;
				ENABLE_TESTABILITY = YES;
				GCC_C_LANGUAGE_STANDARD = gnu99;
				GCC_DYNAMIC_NO_PIC = NO;
				GCC_NO_COMMON_BLOCKS = YES;
				GCC_OPTIMIZATION_LEVEL = 0;
				GCC_PREPROCESSOR_DEFINITIONS = (
					"DEBUG=1",
					"$(inherited)",
				);
				GCC_WARN_64_TO_32_BIT_CONVERSION = YES;
				GCC_WARN_ABOUT_RETURN_TYPE = YES_ERROR;
				GCC_WARN_UNDECLARED_SELECTOR = YES;
				GCC_WARN_UNINITIALIZED_AUTOS = YES_AGGRESSIVE;
				GCC_WARN_UNUSED_FUNCTION = YES;
				GCC_WARN_UNUSED_VARIABLE = YES;
				MACOSX_DEPLOYMENT_TARGET = 10.11;
				MTL_ENABLE_DEBUG_INFO = YES;
				ONLY_ACTIVE_ARCH = YES;
				SDKROOT = macosx;
				SWIFT_ACTIVE_COMPILATION_CONDITIONS = DEBUG;
				SWIFT_OPTIMIZATION_LEVEL = "-Onone";
			};
			name = Debug;
		};
		D3C2F87E1E349A6F00D6EA94 /* Release */ = {
			isa = XCBuildConfiguration;
			buildSettings = {
				ALWAYS_SEARCH_USER_PATHS = NO;
				CLANG_ANALYZER_NONNULL = YES;
				CLANG_CXX_LANGUAGE_STANDARD = "gnu++0x";
				CLANG_CXX_LIBRARY = "libc++";
				CLANG_ENABLE_MODULES = YES;
				CLANG_ENABLE_OBJC_ARC = YES;
				CLANG_WARN_BOOL_CONVERSION = YES;
				CLANG_WARN_CONSTANT_CONVERSION = YES;
				CLANG_WARN_DIRECT_OBJC_ISA_USAGE = YES_ERROR;
				CLANG_WARN_DOCUMENTATION_COMMENTS = YES;
				CLANG_WARN_EMPTY_BODY = YES;
				CLANG_WARN_ENUM_CONVERSION = YES;
				CLANG_WARN_INFINITE_RECURSION = YES;
				CLANG_WARN_INT_CONVERSION = YES;
				CLANG_WARN_OBJC_ROOT_CLASS = YES_ERROR;
				CLANG_WARN_SUSPICIOUS_MOVES = YES;
				CLANG_WARN_UNREACHABLE_CODE = YES;
				CLANG_WARN__DUPLICATE_METHOD_MATCH = YES;
				CODE_SIGN_IDENTITY = "-";
				COPY_PHASE_STRIP = NO;
				DEBUG_INFORMATION_FORMAT = "dwarf-with-dsym";
				ENABLE_NS_ASSERTIONS = NO;
				ENABLE_STRICT_OBJC_MSGSEND = YES;
				GCC_C_LANGUAGE_STANDARD = gnu99;
				GCC_NO_COMMON_BLOCKS = YES;
				GCC_WARN_64_TO_32_BIT_CONVERSION = YES;
				GCC_WARN_ABOUT_RETURN_TYPE = YES_ERROR;
				GCC_WARN_UNDECLARED_SELECTOR = YES;
				GCC_WARN_UNINITIALIZED_AUTOS = YES_AGGRESSIVE;
				GCC_WARN_UNUSED_FUNCTION = YES;
				GCC_WARN_UNUSED_VARIABLE = YES;
				MACOSX_DEPLOYMENT_TARGET = 10.11;
				MTL_ENABLE_DEBUG_INFO = NO;
				SDKROOT = macosx;
				SWIFT_OPTIMIZATION_LEVEL = "-Owholemodule";
			};
			name = Release;
		};
		D3C2F8801E349A6F00D6EA94 /* Debug */ = {
			isa = XCBuildConfiguration;
			buildSettings = {
				ASSETCATALOG_COMPILER_APPICON_NAME = AppIcon;
				CODE_SIGN_IDENTITY = "Mac Developer";
				COMBINE_HIDPI_IMAGES = YES;
				DEVELOPMENT_TEAM = R9W28ZT4VD;
				FRAMEWORK_SEARCH_PATHS = (
					"$(inherited)",
					"$(PROJECT_DIR)/Carthage/Build/Mac",
				);
				INFOPLIST_FILE = RabbitExp/Info.plist;
				LD_RUNPATH_SEARCH_PATHS = "$(inherited) @executable_path/../Frameworks";
				MACOSX_DEPLOYMENT_TARGET = 10.11;
				"OTHER_CODE_SIGN_FLAGS[sdk=*]" = "--deep";
				PRODUCT_BUNDLE_IDENTIFIER = jp.mayverse.RabbitExp;
				PRODUCT_NAME = "$(TARGET_NAME)";
				SWIFT_VERSION = 3.0;
			};
			name = Debug;
		};
		D3C2F8811E349A6F00D6EA94 /* Release */ = {
			isa = XCBuildConfiguration;
			buildSettings = {
				ASSETCATALOG_COMPILER_APPICON_NAME = AppIcon;
				CODE_SIGN_IDENTITY = "Mac Developer";
				COMBINE_HIDPI_IMAGES = YES;
				DEVELOPMENT_TEAM = R9W28ZT4VD;
				FRAMEWORK_SEARCH_PATHS = (
					"$(inherited)",
					"$(PROJECT_DIR)/Carthage/Build/Mac",
				);
				INFOPLIST_FILE = RabbitExp/Info.plist;
				LD_RUNPATH_SEARCH_PATHS = "$(inherited) @executable_path/../Frameworks";
				MACOSX_DEPLOYMENT_TARGET = 10.11;
				PRODUCT_BUNDLE_IDENTIFIER = jp.mayverse.RabbitExp;
				PRODUCT_NAME = "$(TARGET_NAME)";
				SWIFT_VERSION = 3.0;
			};
			name = Release;
		};
		D3C2F8831E349A6F00D6EA94 /* Debug */ = {
			isa = XCBuildConfiguration;
			buildSettings = {
				ALWAYS_EMBED_SWIFT_STANDARD_LIBRARIES = YES;
				BUNDLE_LOADER = "$(TEST_HOST)";
				COMBINE_HIDPI_IMAGES = YES;
				INFOPLIST_FILE = RabbitExpTests/Info.plist;
				LD_RUNPATH_SEARCH_PATHS = "$(inherited) @executable_path/../Frameworks @loader_path/../Frameworks";
				PRODUCT_BUNDLE_IDENTIFIER = jp.mayverse.RabbitExpTests;
				PRODUCT_NAME = "$(TARGET_NAME)";
				SWIFT_VERSION = 3.0;
				TEST_HOST = "$(BUILT_PRODUCTS_DIR)/RabbitExp.app/Contents/MacOS/RabbitExp";
			};
			name = Debug;
		};
		D3C2F8841E349A6F00D6EA94 /* Release */ = {
			isa = XCBuildConfiguration;
			buildSettings = {
				ALWAYS_EMBED_SWIFT_STANDARD_LIBRARIES = YES;
				BUNDLE_LOADER = "$(TEST_HOST)";
				COMBINE_HIDPI_IMAGES = YES;
				INFOPLIST_FILE = RabbitExpTests/Info.plist;
				LD_RUNPATH_SEARCH_PATHS = "$(inherited) @executable_path/../Frameworks @loader_path/../Frameworks";
				PRODUCT_BUNDLE_IDENTIFIER = jp.mayverse.RabbitExpTests;
				PRODUCT_NAME = "$(TARGET_NAME)";
				SWIFT_VERSION = 3.0;
				TEST_HOST = "$(BUILT_PRODUCTS_DIR)/RabbitExp.app/Contents/MacOS/RabbitExp";
			};
			name = Release;
		};
		D3C2F8861E349A6F00D6EA94 /* Debug */ = {
			isa = XCBuildConfiguration;
			buildSettings = {
				ALWAYS_EMBED_SWIFT_STANDARD_LIBRARIES = YES;
				COMBINE_HIDPI_IMAGES = YES;
				INFOPLIST_FILE = RabbitExpUITests/Info.plist;
				LD_RUNPATH_SEARCH_PATHS = "$(inherited) @executable_path/../Frameworks @loader_path/../Frameworks";
				PRODUCT_BUNDLE_IDENTIFIER = jp.mayverse.RabbitExpUITests;
				PRODUCT_NAME = "$(TARGET_NAME)";
				SWIFT_VERSION = 3.0;
				TEST_TARGET_NAME = RabbitExp;
			};
			name = Debug;
		};
		D3C2F8871E349A6F00D6EA94 /* Release */ = {
			isa = XCBuildConfiguration;
			buildSettings = {
				ALWAYS_EMBED_SWIFT_STANDARD_LIBRARIES = YES;
				COMBINE_HIDPI_IMAGES = YES;
				INFOPLIST_FILE = RabbitExpUITests/Info.plist;
				LD_RUNPATH_SEARCH_PATHS = "$(inherited) @executable_path/../Frameworks @loader_path/../Frameworks";
				PRODUCT_BUNDLE_IDENTIFIER = jp.mayverse.RabbitExpUITests;
				PRODUCT_NAME = "$(TARGET_NAME)";
				SWIFT_VERSION = 3.0;
				TEST_TARGET_NAME = RabbitExp;
			};
			name = Release;
		};
/* End XCBuildConfiguration section */

/* Begin XCConfigurationList section */
		D3C2F8551E349A6F00D6EA94 /* Build configuration list for PBXProject "RabbitExp" */ = {
			isa = XCConfigurationList;
			buildConfigurations = (
				D3C2F87D1E349A6F00D6EA94 /* Debug */,
				D3C2F87E1E349A6F00D6EA94 /* Release */,
			);
			defaultConfigurationIsVisible = 0;
			defaultConfigurationName = Release;
		};
		D3C2F87F1E349A6F00D6EA94 /* Build configuration list for PBXNativeTarget "RabbitExp" */ = {
			isa = XCConfigurationList;
			buildConfigurations = (
				D3C2F8801E349A6F00D6EA94 /* Debug */,
				D3C2F8811E349A6F00D6EA94 /* Release */,
			);
			defaultConfigurationIsVisible = 0;
			defaultConfigurationName = Release;
		};
		D3C2F8821E349A6F00D6EA94 /* Build configuration list for PBXNativeTarget "RabbitExpTests" */ = {
			isa = XCConfigurationList;
			buildConfigurations = (
				D3C2F8831E349A6F00D6EA94 /* Debug */,
				D3C2F8841E349A6F00D6EA94 /* Release */,
			);
			defaultConfigurationIsVisible = 0;
			defaultConfigurationName = Release;
		};
		D3C2F8851E349A6F00D6EA94 /* Build configuration list for PBXNativeTarget "RabbitExpUITests" */ = {
			isa = XCConfigurationList;
			buildConfigurations = (
				D3C2F8861E349A6F00D6EA94 /* Debug */,
				D3C2F8871E349A6F00D6EA94 /* Release */,
			);
			defaultConfigurationIsVisible = 0;
			defaultConfigurationName = Release;
		};
/* End XCConfigurationList section */
	};
	rootObject = D3C2F8521E349A6F00D6EA94 /* Project object */;
}
